
Microsoft Visual Studio Solution File, Format Version 12.00
# Visual Studio Version 16
VisualStudioVersion = 16.0.33801.447
MinimumVisualStudioVersion = 10.0.40219.1
Project("{FAE04EC0-301F-11D3-BF4B-00C04F79EFBC}") = "ServiceConverTemp", "ServiceConverTemp\ServiceConverTemp.csproj", "{C0F89C13-70AC-45FC-913A-EAB194639A1C}"
EndProject
Project("{FAE04EC0-301F-11D3-BF4B-00C04F79EFBC}") = "ClienteWebWCFConverTemps", "ClienteWebWCFConverTemps\ClienteWebWCFConverTemps.csproj", "{B03D3B54-F2FD-4395-8462-BA8C13B19F36}"
	ProjectSection(ProjectDependencies) = postProject
		{C0F89C13-70AC-45FC-913A-EAB194639A1C} = {C0F89C13-70AC-45FC-913A-EAB194639A1C}
	EndProjectSection
EndProject
Global
	GlobalSection(SolutionConfigurationPlatforms) = preSolution
		Debug|Any CPU = Debug|Any CPU
		Release|Any CPU = Release|Any CPU
	EndGlobalSection
	GlobalSection(ProjectConfigurationPlatforms) = postSolution
		{C0F89C13-70AC-45FC-913A-EAB194639A1C}.Debug|Any CPU.ActiveCfg = Debug|Any CPU
		{C0F89C13-70AC-45FC-913A-EAB194639A1C}.Debug|Any CPU.Build.0 = Debug|Any CPU
		{C0F89C13-70AC-45FC-913A-EAB194639A1C}.Release|Any CPU.ActiveCfg = Release|Any CPU
		{C0F89C13-70AC-45FC-913A-EAB194639A1C}.Release|Any CPU.Build.0 = Release|Any CPU
		{B03D3B54-F2FD-4395-8462-BA8C13B19F36}.Debug|Any CPU.ActiveCfg = Debug|Any CPU
		{B03D3B54-F2FD-4395-8462-BA8C13B19F36}.Debug|Any CPU.Build.0 = Debug|Any CPU
		{B03D3B54-F2FD-4395-8462-BA8C13B19F36}.Release|Any CPU.ActiveCfg = Release|Any CPU
		{B03D3B54-F2FD-4395-8462-BA8C13B19F36}.Release|Any CPU.Build.0 = Release|Any CPU
	EndGlobalSection
	GlobalSection(SolutionProperties) = preSolution
		HideSolutionNode = FALSE
	EndGlobalSection
	GlobalSection(ExtensibilityGlobals) = postSolution
		SolutionGuid = {1072BEE3-17A6-440D-B297-DADA78BBCD3A}
	EndGlobalSection
EndGlobal
